
Microsoft Visual Studio Solution File, Format Version 12.00
# Visual Studio Version 17
VisualStudioVersion = 17.10.34916.146
MinimumVisualStudioVersion = 10.0.40219.1
Project("{FAE04EC0-301F-11D3-BF4B-00C04F79EFBC}") = "GameRemake", "GameRemake\GameRemake.csproj", "{0DD11FC3-431A-47ED-8AAB-FFBEFB214470}"
EndProject
Project("{FAE04EC0-301F-11D3-BF4B-00C04F79EFBC}") = "MapEditor", "MapEditor\MapEditor.csproj", "{B9D2BE84-688D-4F02-84F6-11342B6C3CB6}"
EndProject
Project("{FAE04EC0-301F-11D3-BF4B-00C04F79EFBC}") = "CommonModule", "CommonModule\CommonModule.csproj", "{6D4905F3-FC47-4028-9CD6-9BF2C4EFC09D}"
EndProject
Global
	GlobalSection(SolutionConfigurationPlatforms) = preSolution
		Debug|Any CPU = Debug|Any CPU
		Release|Any CPU = Release|Any CPU
	EndGlobalSection
	GlobalSection(ProjectConfigurationPlatforms) = postSolution
		{0DD11FC3-431A-47ED-8AAB-FFBEFB214470}.Debug|Any CPU.ActiveCfg = Debug|Any CPU
		{0DD11FC3-431A-47ED-8AAB-FFBEFB214470}.Debug|Any CPU.Build.0 = Debug|Any CPU
		{0DD11FC3-431A-47ED-8AAB-FFBEFB214470}.Release|Any CPU.ActiveCfg = Release|Any CPU
		{0DD11FC3-431A-47ED-8AAB-FFBEFB214470}.Release|Any CPU.Build.0 = Release|Any CPU
		{B9D2BE84-688D-4F02-84F6-11342B6C3CB6}.Debug|Any CPU.ActiveCfg = Debug|Any CPU
		{B9D2BE84-688D-4F02-84F6-11342B6C3CB6}.Debug|Any CPU.Build.0 = Debug|Any CPU
		{B9D2BE84-688D-4F02-84F6-11342B6C3CB6}.Release|Any CPU.ActiveCfg = Release|Any CPU
		{B9D2BE84-688D-4F02-84F6-11342B6C3CB6}.Release|Any CPU.Build.0 = Release|Any CPU
		{6D4905F3-FC47-4028-9CD6-9BF2C4EFC09D}.Debug|Any CPU.ActiveCfg = Debug|Any CPU
		{6D4905F3-FC47-4028-9CD6-9BF2C4EFC09D}.Debug|Any CPU.Build.0 = Debug|Any CPU
		{6D4905F3-FC47-4028-9CD6-9BF2C4EFC09D}.Release|Any CPU.ActiveCfg = Release|Any CPU
		{6D4905F3-FC47-4028-9CD6-9BF2C4EFC09D}.Release|Any CPU.Build.0 = Release|Any CPU
	EndGlobalSection
	GlobalSection(SolutionProperties) = preSolution
		HideSolutionNode = FALSE
	EndGlobalSection
	GlobalSection(ExtensibilityGlobals) = postSolution
		SolutionGuid = {D57BAD5B-0223-4970-80EF-DFA30B56024A}
	EndGlobalSection
EndGlobal
